
Microsoft Visual Studio Solution File, Format Version 10.00
# Visual Studio 2008
Project("{FAE04EC0-301F-11D3-BF4B-00C04F79EFBC}") = "Package", "Package\Package.csproj", "{EF7B1952-DB78-42CB-BF74-ABF5BF32C151}"
EndProject
Project("{FAE04EC0-301F-11D3-BF4B-00C04F79EFBC}") = "CloneReporting", "CloneReporting\CloneReporting.csproj", "{892850BA-6CB1-4C57-BE9E-1C1F30EBF407}"
EndProject
Global
	GlobalSection(TeamFoundationVersionControl) = preSolution
		SccNumberOfProjects = 3
		SccEnterpriseProvider = {4CA58AB2-18FA-4F8D-95D4-32DDF27D184C}
		SccTeamFoundationServer = https://tfs03.codeplex.com/
		SccLocalPath0 = .
		SccProjectUniqueName1 = Package\\Package.csproj
		SccProjectName1 = Package
		SccLocalPath1 = Package
		SccProjectUniqueName2 = CloneReporting\\CloneReporting.csproj
		SccProjectName2 = CloneReporting
		SccLocalPath2 = CloneReporting
	EndGlobalSection
	GlobalSection(SolutionConfigurationPlatforms) = preSolution
		Debug|Any CPU = Debug|Any CPU
		Release|Any CPU = Release|Any CPU
	EndGlobalSection
	GlobalSection(ProjectConfigurationPlatforms) = postSolution
		{EF7B1952-DB78-42CB-BF74-ABF5BF32C151}.Debug|Any CPU.ActiveCfg = Debug|Any CPU
		{EF7B1952-DB78-42CB-BF74-ABF5BF32C151}.Debug|Any CPU.Build.0 = Debug|Any CPU
		{EF7B1952-DB78-42CB-BF74-ABF5BF32C151}.Release|Any CPU.ActiveCfg = Release|Any CPU
		{EF7B1952-DB78-42CB-BF74-ABF5BF32C151}.Release|Any CPU.Build.0 = Release|Any CPU
		{892850BA-6CB1-4C57-BE9E-1C1F30EBF407}.Debug|Any CPU.ActiveCfg = Debug|Any CPU
		{892850BA-6CB1-4C57-BE9E-1C1F30EBF407}.Debug|Any CPU.Build.0 = Debug|Any CPU
		{892850BA-6CB1-4C57-BE9E-1C1F30EBF407}.Release|Any CPU.ActiveCfg = Release|Any CPU
		{892850BA-6CB1-4C57-BE9E-1C1F30EBF407}.Release|Any CPU.Build.0 = Release|Any CPU
	EndGlobalSection
	GlobalSection(SolutionProperties) = preSolution
		HideSolutionNode = FALSE
	EndGlobalSection
EndGlobal
