
Microsoft Visual Studio Solution File, Format Version 10.00
# Visual Studio 2008
Project("{FAE04EC0-301F-11D3-BF4B-00C04F79EFBC}") = "CloneDetective.Package", "CloneDetective.Package\CloneDetective.Package.csproj", "{EF7B1952-DB78-42CB-BF74-ABF5BF32C151}"
EndProject
Project("{FAE04EC0-301F-11D3-BF4B-00C04F79EFBC}") = "CloneDetective.CloneReporting", "CloneDetective.CloneReporting\CloneDetective.CloneReporting.csproj", "{892850BA-6CB1-4C57-BE9E-1C1F30EBF407}"
EndProject
Project("{FAE04EC0-301F-11D3-BF4B-00C04F79EFBC}") = "CloneDetective.Build", "CloneDetective.Build\CloneDetective.Build.csproj", "{7A36E4BE-AF25-4AA8-B54E-DD781B2A3081}"
EndProject
Project("{2150E333-8FDC-42A3-9474-1A3956D46DE8}") = "Solution Items", "Solution Items", "{11336273-89F9-4AED-8FDE-0DE142137D41}"
	ProjectSection(SolutionItems) = preProject
		..\Help\Help.shfbproj = ..\Help\Help.shfbproj
	EndProjectSection
EndProject
Global
	GlobalSection(SolutionConfigurationPlatforms) = preSolution
		Code Analysis|Any CPU = Code Analysis|Any CPU
		Debug|Any CPU = Debug|Any CPU
		Release|Any CPU = Release|Any CPU
	EndGlobalSection
	GlobalSection(ProjectConfigurationPlatforms) = postSolution
		{EF7B1952-DB78-42CB-BF74-ABF5BF32C151}.Code Analysis|Any CPU.ActiveCfg = Code Analysis|Any CPU
		{EF7B1952-DB78-42CB-BF74-ABF5BF32C151}.Code Analysis|Any CPU.Build.0 = Code Analysis|Any CPU
		{EF7B1952-DB78-42CB-BF74-ABF5BF32C151}.Debug|Any CPU.ActiveCfg = Debug|Any CPU
		{EF7B1952-DB78-42CB-BF74-ABF5BF32C151}.Debug|Any CPU.Build.0 = Debug|Any CPU
		{EF7B1952-DB78-42CB-BF74-ABF5BF32C151}.Release|Any CPU.ActiveCfg = Release|Any CPU
		{EF7B1952-DB78-42CB-BF74-ABF5BF32C151}.Release|Any CPU.Build.0 = Release|Any CPU
		{892850BA-6CB1-4C57-BE9E-1C1F30EBF407}.Code Analysis|Any CPU.ActiveCfg = Code Analysis|Any CPU
		{892850BA-6CB1-4C57-BE9E-1C1F30EBF407}.Code Analysis|Any CPU.Build.0 = Code Analysis|Any CPU
		{892850BA-6CB1-4C57-BE9E-1C1F30EBF407}.Debug|Any CPU.ActiveCfg = Debug|Any CPU
		{892850BA-6CB1-4C57-BE9E-1C1F30EBF407}.Debug|Any CPU.Build.0 = Debug|Any CPU
		{892850BA-6CB1-4C57-BE9E-1C1F30EBF407}.Release|Any CPU.ActiveCfg = Release|Any CPU
		{892850BA-6CB1-4C57-BE9E-1C1F30EBF407}.Release|Any CPU.Build.0 = Release|Any CPU
		{7A36E4BE-AF25-4AA8-B54E-DD781B2A3081}.Code Analysis|Any CPU.ActiveCfg = Code Analysis|Any CPU
		{7A36E4BE-AF25-4AA8-B54E-DD781B2A3081}.Code Analysis|Any CPU.Build.0 = Code Analysis|Any CPU
		{7A36E4BE-AF25-4AA8-B54E-DD781B2A3081}.Debug|Any CPU.ActiveCfg = Debug|Any CPU
		{7A36E4BE-AF25-4AA8-B54E-DD781B2A3081}.Debug|Any CPU.Build.0 = Debug|Any CPU
		{7A36E4BE-AF25-4AA8-B54E-DD781B2A3081}.Release|Any CPU.ActiveCfg = Release|Any CPU
		{7A36E4BE-AF25-4AA8-B54E-DD781B2A3081}.Release|Any CPU.Build.0 = Release|Any CPU
	EndGlobalSection
	GlobalSection(SolutionProperties) = preSolution
		HideSolutionNode = FALSE
	EndGlobalSection
EndGlobal
