
Microsoft Visual Studio Solution File, Format Version 10.00
# Visual Studio 2008
Project("{FAE04EC0-301F-11D3-BF4B-00C04F79EFBC}") = "CloneDetective.Package", "CloneDetective.Package\CloneDetective.Package.csproj", "{EF7B1952-DB78-42CB-BF74-ABF5BF32C151}"
EndProject
Project("{FAE04EC0-301F-11D3-BF4B-00C04F79EFBC}") = "CloneDetective.CloneReporting", "CloneDetective.CloneReporting\CloneDetective.CloneReporting.csproj", "{892850BA-6CB1-4C57-BE9E-1C1F30EBF407}"
EndProject
Project("{FAE04EC0-301F-11D3-BF4B-00C04F79EFBC}") = "CloneDetective.Build", "CloneDetective.Build\CloneDetective.Build.csproj", "{7A36E4BE-AF25-4AA8-B54E-DD781B2A3081}"
EndProject
Global
	GlobalSection(TeamFoundationVersionControl) = preSolution
		SccNumberOfProjects = 4
		SccEnterpriseProvider = {4CA58AB2-18FA-4F8D-95D4-32DDF27D184C}
		SccTeamFoundationServer = https://tfs03.codeplex.com/
		SccLocalPath0 = .
		SccProjectUniqueName1 = CloneDetective.Build\\CloneDetective.Build.csproj
		SccProjectName1 = CloneDetective.Build
		SccLocalPath1 = CloneDetective.Build
		SccProjectUniqueName2 = CloneDetective.CloneReporting\\CloneDetective.CloneReporting.csproj
		SccProjectName2 = CloneDetective.CloneReporting
		SccLocalPath2 = CloneDetective.CloneReporting
		SccProjectUniqueName3 = CloneDetective.Package\\CloneDetective.Package.csproj
		SccProjectName3 = CloneDetective.Package
		SccLocalPath3 = CloneDetective.Package
	EndGlobalSection
	GlobalSection(SolutionConfigurationPlatforms) = preSolution
		Debug|Any CPU = Debug|Any CPU
		Release|Any CPU = Release|Any CPU
	EndGlobalSection
	GlobalSection(ProjectConfigurationPlatforms) = postSolution
		{EF7B1952-DB78-42CB-BF74-ABF5BF32C151}.Debug|Any CPU.ActiveCfg = Debug|Any CPU
		{EF7B1952-DB78-42CB-BF74-ABF5BF32C151}.Debug|Any CPU.Build.0 = Debug|Any CPU
		{EF7B1952-DB78-42CB-BF74-ABF5BF32C151}.Release|Any CPU.ActiveCfg = Release|Any CPU
		{EF7B1952-DB78-42CB-BF74-ABF5BF32C151}.Release|Any CPU.Build.0 = Release|Any CPU
		{892850BA-6CB1-4C57-BE9E-1C1F30EBF407}.Debug|Any CPU.ActiveCfg = Debug|Any CPU
		{892850BA-6CB1-4C57-BE9E-1C1F30EBF407}.Debug|Any CPU.Build.0 = Debug|Any CPU
		{892850BA-6CB1-4C57-BE9E-1C1F30EBF407}.Release|Any CPU.ActiveCfg = Release|Any CPU
		{892850BA-6CB1-4C57-BE9E-1C1F30EBF407}.Release|Any CPU.Build.0 = Release|Any CPU
		{7A36E4BE-AF25-4AA8-B54E-DD781B2A3081}.Debug|Any CPU.ActiveCfg = Debug|Any CPU
		{7A36E4BE-AF25-4AA8-B54E-DD781B2A3081}.Debug|Any CPU.Build.0 = Debug|Any CPU
		{7A36E4BE-AF25-4AA8-B54E-DD781B2A3081}.Release|Any CPU.ActiveCfg = Release|Any CPU
		{7A36E4BE-AF25-4AA8-B54E-DD781B2A3081}.Release|Any CPU.Build.0 = Release|Any CPU
	EndGlobalSection
	GlobalSection(SolutionProperties) = preSolution
		HideSolutionNode = FALSE
	EndGlobalSection
EndGlobal
